// !$*UTF8*$!
{
	archiveVersion = 1;
	classes = {
	};
	objectVersion = 56;
	objects = {

/* Begin PBXBuildFile section */
		886D1E7D2B394861009869D5 /* main.cpp in Sources */ = {isa = PBXBuildFile; fileRef = 886D1E7C2B394861009869D5 /* main.cpp */; };
		886D1E992B394BB5009869D5 /* main.cpp in Sources */ = {isa = PBXBuildFile; fileRef = 886D1E882B394A95009869D5 /* main.cpp */; };
		886D1E9A2B394BBB009869D5 /* main.cpp in Sources */ = {isa = PBXBuildFile; fileRef = 886D1E932B394A9D009869D5 /* main.cpp */; };
		886D1E9B2B394BC4009869D5 /* main.cpp in Sources */ = {isa = PBXBuildFile; fileRef = 886D1E642B39429B009869D5 /* main.cpp */; };
		886D1EAE2B394BEA009869D5 /* main.cpp in Sources */ = {isa = PBXBuildFile; fileRef = 886D1EAD2B394BEA009869D5 /* main.cpp */; };
		886D1EB92B394BEF009869D5 /* main.cpp in Sources */ = {isa = PBXBuildFile; fileRef = 886D1EB82B394BEF009869D5 /* main.cpp */; };
		886D1EBD2B394BF4009869D5 /* main.cpp in Sources */ = {isa = PBXBuildFile; fileRef = 886D1EA22B394BE4009869D5 /* main.cpp */; };
		886D1EC52B395054009869D5 /* main.cpp in Sources */ = {isa = PBXBuildFile; fileRef = 886D1EC42B395054009869D5 /* main.cpp */; };
		886D1ED02B39505A009869D5 /* main.cpp in Sources */ = {isa = PBXBuildFile; fileRef = 886D1ECF2B39505A009869D5 /* main.cpp */; };
		886D1EDB2B39505F009869D5 /* main.cpp in Sources */ = {isa = PBXBuildFile; fileRef = 886D1EDA2B39505F009869D5 /* main.cpp */; };
		886D1EE62B395064009869D5 /* main.cpp in Sources */ = {isa = PBXBuildFile; fileRef = 886D1EE52B395064009869D5 /* main.cpp */; };
/* End PBXBuildFile section */

/* Begin PBXCopyFilesBuildPhase section */
		886D1E5F2B39429B009869D5 /* CopyFiles */ = {
			isa = PBXCopyFilesBuildPhase;
			buildActionMask = 2147483647;
			dstPath = /usr/share/man/man1/;
			dstSubfolderSpec = 0;
			files = (
			);
			runOnlyForDeploymentPostprocessing = 1;
		};
		886D1E782B394861009869D5 /* CopyFiles */ = {
			isa = PBXCopyFilesBuildPhase;
			buildActionMask = 2147483647;
			dstPath = /usr/share/man/man1/;
			dstSubfolderSpec = 0;
			files = (
			);
			runOnlyForDeploymentPostprocessing = 1;
		};
		886D1E842B394A95009869D5 /* CopyFiles */ = {
			isa = PBXCopyFilesBuildPhase;
			buildActionMask = 2147483647;
			dstPath = /usr/share/man/man1/;
			dstSubfolderSpec = 0;
			files = (
			);
			runOnlyForDeploymentPostprocessing = 1;
		};
		886D1E8F2B394A9D009869D5 /* CopyFiles */ = {
			isa = PBXCopyFilesBuildPhase;
			buildActionMask = 2147483647;
			dstPath = /usr/share/man/man1/;
			dstSubfolderSpec = 0;
			files = (
			);
			runOnlyForDeploymentPostprocessing = 1;
		};
		886D1E9E2B394BE4009869D5 /* CopyFiles */ = {
			isa = PBXCopyFilesBuildPhase;
			buildActionMask = 2147483647;
			dstPath = /usr/share/man/man1/;
			dstSubfolderSpec = 0;
			files = (
			);
			runOnlyForDeploymentPostprocessing = 1;
		};
		886D1EA92B394BEA009869D5 /* CopyFiles */ = {
			isa = PBXCopyFilesBuildPhase;
			buildActionMask = 2147483647;
			dstPath = /usr/share/man/man1/;
			dstSubfolderSpec = 0;
			files = (
			);
			runOnlyForDeploymentPostprocessing = 1;
		};
		886D1EB42B394BEF009869D5 /* CopyFiles */ = {
			isa = PBXCopyFilesBuildPhase;
			buildActionMask = 2147483647;
			dstPath = /usr/share/man/man1/;
			dstSubfolderSpec = 0;
			files = (
			);
			runOnlyForDeploymentPostprocessing = 1;
		};
		886D1EC02B395054009869D5 /* CopyFiles */ = {
			isa = PBXCopyFilesBuildPhase;
			buildActionMask = 2147483647;
			dstPath = /usr/share/man/man1/;
			dstSubfolderSpec = 0;
			files = (
			);
			runOnlyForDeploymentPostprocessing = 1;
		};
		886D1ECB2B39505A009869D5 /* CopyFiles */ = {
			isa = PBXCopyFilesBuildPhase;
			buildActionMask = 2147483647;
			dstPath = /usr/share/man/man1/;
			dstSubfolderSpec = 0;
			files = (
			);
			runOnlyForDeploymentPostprocessing = 1;
		};
		886D1ED62B39505F009869D5 /* CopyFiles */ = {
			isa = PBXCopyFilesBuildPhase;
			buildActionMask = 2147483647;
			dstPath = /usr/share/man/man1/;
			dstSubfolderSpec = 0;
			files = (
			);
			runOnlyForDeploymentPostprocessing = 1;
		};
		886D1EE12B395064009869D5 /* CopyFiles */ = {
			isa = PBXCopyFilesBuildPhase;
			buildActionMask = 2147483647;
			dstPath = /usr/share/man/man1/;
			dstSubfolderSpec = 0;
			files = (
			);
			runOnlyForDeploymentPostprocessing = 1;
		};
/* End PBXCopyFilesBuildPhase section */

/* Begin PBXFileReference section */
		886D1E612B39429B009869D5 /* Unit1 */ = {isa = PBXFileReference; explicitFileType = "compiled.mach-o.executable"; includeInIndex = 0; path = Unit1; sourceTree = BUILT_PRODUCTS_DIR; };
		886D1E642B39429B009869D5 /* main.cpp */ = {isa = PBXFileReference; lastKnownFileType = sourcecode.cpp.cpp; path = main.cpp; sourceTree = "<group>"; };
		886D1E7A2B394861009869D5 /* Unit2 */ = {isa = PBXFileReference; explicitFileType = "compiled.mach-o.executable"; includeInIndex = 0; path = Unit2; sourceTree = BUILT_PRODUCTS_DIR; };
		886D1E7C2B394861009869D5 /* main.cpp */ = {isa = PBXFileReference; lastKnownFileType = sourcecode.cpp.cpp; path = main.cpp; sourceTree = "<group>"; };
		886D1E862B394A95009869D5 /* Unit3 */ = {isa = PBXFileReference; explicitFileType = "compiled.mach-o.executable"; includeInIndex = 0; path = Unit3; sourceTree = BUILT_PRODUCTS_DIR; };
		886D1E882B394A95009869D5 /* main.cpp */ = {isa = PBXFileReference; lastKnownFileType = sourcecode.cpp.cpp; path = main.cpp; sourceTree = "<group>"; };
		886D1E912B394A9D009869D5 /* Unit4 */ = {isa = PBXFileReference; explicitFileType = "compiled.mach-o.executable"; includeInIndex = 0; path = Unit4; sourceTree = BUILT_PRODUCTS_DIR; };
		886D1E932B394A9D009869D5 /* main.cpp */ = {isa = PBXFileReference; lastKnownFileType = sourcecode.cpp.cpp; path = main.cpp; sourceTree = "<group>"; };
		886D1EA02B394BE4009869D5 /* Unit5 */ = {isa = PBXFileReference; explicitFileType = "compiled.mach-o.executable"; includeInIndex = 0; path = Unit5; sourceTree = BUILT_PRODUCTS_DIR; };
		886D1EA22B394BE4009869D5 /* main.cpp */ = {isa = PBXFileReference; lastKnownFileType = sourcecode.cpp.cpp; path = main.cpp; sourceTree = "<group>"; };
		886D1EAB2B394BEA009869D5 /* Unit6 */ = {isa = PBXFileReference; explicitFileType = "compiled.mach-o.executable"; includeInIndex = 0; path = Unit6; sourceTree = BUILT_PRODUCTS_DIR; };
		886D1EAD2B394BEA009869D5 /* main.cpp */ = {isa = PBXFileReference; lastKnownFileType = sourcecode.cpp.cpp; path = main.cpp; sourceTree = "<group>"; };
		886D1EB62B394BEF009869D5 /* Unit7 */ = {isa = PBXFileReference; explicitFileType = "compiled.mach-o.executable"; includeInIndex = 0; path = Unit7; sourceTree = BUILT_PRODUCTS_DIR; };
		886D1EB82B394BEF009869D5 /* main.cpp */ = {isa = PBXFileReference; lastKnownFileType = sourcecode.cpp.cpp; path = main.cpp; sourceTree = "<group>"; };
		886D1EC22B395054009869D5 /* Unit8 */ = {isa = PBXFileReference; explicitFileType = "compiled.mach-o.executable"; includeInIndex = 0; path = Unit8; sourceTree = BUILT_PRODUCTS_DIR; };
		886D1EC42B395054009869D5 /* main.cpp */ = {isa = PBXFileReference; lastKnownFileType = sourcecode.cpp.cpp; path = main.cpp; sourceTree = "<group>"; };
		886D1ECD2B39505A009869D5 /* Unit9 */ = {isa = PBXFileReference; explicitFileType = "compiled.mach-o.executable"; includeInIndex = 0; path = Unit9; sourceTree = BUILT_PRODUCTS_DIR; };
		886D1ECF2B39505A009869D5 /* main.cpp */ = {isa = PBXFileReference; lastKnownFileType = sourcecode.cpp.cpp; path = main.cpp; sourceTree = "<group>"; };
		886D1ED82B39505F009869D5 /* Unit10 */ = {isa = PBXFileReference; explicitFileType = "compiled.mach-o.executable"; includeInIndex = 0; path = Unit10; sourceTree = BUILT_PRODUCTS_DIR; };
		886D1EDA2B39505F009869D5 /* main.cpp */ = {isa = PBXFileReference; lastKnownFileType = sourcecode.cpp.cpp; path = main.cpp; sourceTree = "<group>"; };
		886D1EE32B395064009869D5 /* Unit11 */ = {isa = PBXFileReference; explicitFileType = "compiled.mach-o.executable"; includeInIndex = 0; path = Unit11; sourceTree = BUILT_PRODUCTS_DIR; };
		886D1EE52B395064009869D5 /* main.cpp */ = {isa = PBXFileReference; lastKnownFileType = sourcecode.cpp.cpp; path = main.cpp; sourceTree = "<group>"; };
/* End PBXFileReference section */

/* Begin PBXFrameworksBuildPhase section */
		886D1E5E2B39429B009869D5 /* Frameworks */ = {
			isa = PBXFrameworksBuildPhase;
			buildActionMask = 2147483647;
			files = (
			);
			runOnlyForDeploymentPostprocessing = 0;
		};
		886D1E772B394861009869D5 /* Frameworks */ = {
			isa = PBXFrameworksBuildPhase;
			buildActionMask = 2147483647;
			files = (
			);
			runOnlyForDeploymentPostprocessing = 0;
		};
		886D1E832B394A95009869D5 /* Frameworks */ = {
			isa = PBXFrameworksBuildPhase;
			buildActionMask = 2147483647;
			files = (
			);
			runOnlyForDeploymentPostprocessing = 0;
		};
		886D1E8E2B394A9D009869D5 /* Frameworks */ = {
			isa = PBXFrameworksBuildPhase;
			buildActionMask = 2147483647;
			files = (
			);
			runOnlyForDeploymentPostprocessing = 0;
		};
		886D1E9D2B394BE4009869D5 /* Frameworks */ = {
			isa = PBXFrameworksBuildPhase;
			buildActionMask = 2147483647;
			files = (
			);
			runOnlyForDeploymentPostprocessing = 0;
		};
		886D1EA82B394BEA009869D5 /* Frameworks */ = {
			isa = PBXFrameworksBuildPhase;
			buildActionMask = 2147483647;
			files = (
			);
			runOnlyForDeploymentPostprocessing = 0;
		};
		886D1EB32B394BEF009869D5 /* Frameworks */ = {
			isa = PBXFrameworksBuildPhase;
			buildActionMask = 2147483647;
			files = (
			);
			runOnlyForDeploymentPostprocessing = 0;
		};
		886D1EBF2B395054009869D5 /* Frameworks */ = {
			isa = PBXFrameworksBuildPhase;
			buildActionMask = 2147483647;
			files = (
			);
			runOnlyForDeploymentPostprocessing = 0;
		};
		886D1ECA2B39505A009869D5 /* Frameworks */ = {
			isa = PBXFrameworksBuildPhase;
			buildActionMask = 2147483647;
			files = (
			);
			runOnlyForDeploymentPostprocessing = 0;
		};
		886D1ED52B39505F009869D5 /* Frameworks */ = {
			isa = PBXFrameworksBuildPhase;
			buildActionMask = 2147483647;
			files = (
			);
			runOnlyForDeploymentPostprocessing = 0;
		};
		886D1EE02B395064009869D5 /* Frameworks */ = {
			isa = PBXFrameworksBuildPhase;
			buildActionMask = 2147483647;
			files = (
			);
			runOnlyForDeploymentPostprocessing = 0;
		};
/* End PBXFrameworksBuildPhase section */

/* Begin PBXGroup section */
		886D1E582B39429A009869D5 = {
			isa = PBXGroup;
			children = (
				886D1E632B39429B009869D5 /* Unit1 */,
				886D1E7B2B394861009869D5 /* Unit2 */,
				886D1E872B394A95009869D5 /* Unit3 */,
				886D1E922B394A9D009869D5 /* Unit4 */,
				886D1EA12B394BE4009869D5 /* Unit5 */,
				886D1EAC2B394BEA009869D5 /* Unit6 */,
				886D1EB72B394BEF009869D5 /* Unit7 */,
				886D1EC32B395054009869D5 /* Unit8 */,
				886D1ECE2B39505A009869D5 /* Unit9 */,
				886D1ED92B39505F009869D5 /* Unit10 */,
				886D1EE42B395064009869D5 /* Unit11 */,
				886D1E622B39429B009869D5 /* Products */,
			);
			sourceTree = "<group>";
		};
		886D1E622B39429B009869D5 /* Products */ = {
			isa = PBXGroup;
			children = (
				886D1E612B39429B009869D5 /* Unit1 */,
				886D1E7A2B394861009869D5 /* Unit2 */,
				886D1E862B394A95009869D5 /* Unit3 */,
				886D1E912B394A9D009869D5 /* Unit4 */,
				886D1EA02B394BE4009869D5 /* Unit5 */,
				886D1EAB2B394BEA009869D5 /* Unit6 */,
				886D1EB62B394BEF009869D5 /* Unit7 */,
				886D1EC22B395054009869D5 /* Unit8 */,
				886D1ECD2B39505A009869D5 /* Unit9 */,
				886D1ED82B39505F009869D5 /* Unit10 */,
				886D1EE32B395064009869D5 /* Unit11 */,
			);
			name = Products;
			sourceTree = "<group>";
		};
		886D1E632B39429B009869D5 /* Unit1 */ = {
			isa = PBXGroup;
			children = (
				886D1E642B39429B009869D5 /* main.cpp */,
			);
			path = Unit1;
			sourceTree = "<group>";
		};
		886D1E7B2B394861009869D5 /* Unit2 */ = {
			isa = PBXGroup;
			children = (
				886D1E7C2B394861009869D5 /* main.cpp */,
			);
			path = Unit2;
			sourceTree = "<group>";
		};
		886D1E872B394A95009869D5 /* Unit3 */ = {
			isa = PBXGroup;
			children = (
				886D1E882B394A95009869D5 /* main.cpp */,
			);
			path = Unit3;
			sourceTree = "<group>";
		};
		886D1E922B394A9D009869D5 /* Unit4 */ = {
			isa = PBXGroup;
			children = (
				886D1E932B394A9D009869D5 /* main.cpp */,
			);
			path = Unit4;
			sourceTree = "<group>";
		};
		886D1EA12B394BE4009869D5 /* Unit5 */ = {
			isa = PBXGroup;
			children = (
				886D1EA22B394BE4009869D5 /* main.cpp */,
			);
			path = Unit5;
			sourceTree = "<group>";
		};
		886D1EAC2B394BEA009869D5 /* Unit6 */ = {
			isa = PBXGroup;
			children = (
				886D1EAD2B394BEA009869D5 /* main.cpp */,
			);
			path = Unit6;
			sourceTree = "<group>";
		};
		886D1EB72B394BEF009869D5 /* Unit7 */ = {
			isa = PBXGroup;
			children = (
				886D1EB82B394BEF009869D5 /* main.cpp */,
			);
			path = Unit7;
			sourceTree = "<group>";
		};
		886D1EC32B395054009869D5 /* Unit8 */ = {
			isa = PBXGroup;
			children = (
				886D1EC42B395054009869D5 /* main.cpp */,
			);
			path = Unit8;
			sourceTree = "<group>";
		};
		886D1ECE2B39505A009869D5 /* Unit9 */ = {
			isa = PBXGroup;
			children = (
				886D1ECF2B39505A009869D5 /* main.cpp */,
			);
			path = Unit9;
			sourceTree = "<group>";
		};
		886D1ED92B39505F009869D5 /* Unit10 */ = {
			isa = PBXGroup;
			children = (
				886D1EDA2B39505F009869D5 /* main.cpp */,
			);
			path = Unit10;
			sourceTree = "<group>";
		};
		886D1EE42B395064009869D5 /* Unit11 */ = {
			isa = PBXGroup;
			children = (
				886D1EE52B395064009869D5 /* main.cpp */,
			);
			path = Unit11;
			sourceTree = "<group>";
		};
/* End PBXGroup section */

/* Begin PBXNativeTarget section */
		886D1E602B39429B009869D5 /* Unit1 */ = {
			isa = PBXNativeTarget;
			buildConfigurationList = 886D1E682B39429B009869D5 /* Build configuration list for PBXNativeTarget "Unit1" */;
			buildPhases = (
				886D1E5D2B39429B009869D5 /* Sources */,
				886D1E5E2B39429B009869D5 /* Frameworks */,
				886D1E5F2B39429B009869D5 /* CopyFiles */,
			);
			buildRules = (
			);
			dependencies = (
			);
			name = Unit1;
			productName = LearningCpp;
			productReference = 886D1E612B39429B009869D5 /* Unit1 */;
			productType = "com.apple.product-type.tool";
		};
		886D1E792B394861009869D5 /* Unit2 */ = {
			isa = PBXNativeTarget;
			buildConfigurationList = 886D1E7E2B394861009869D5 /* Build configuration list for PBXNativeTarget "Unit2" */;
			buildPhases = (
				886D1E762B394861009869D5 /* Sources */,
				886D1E772B394861009869D5 /* Frameworks */,
				886D1E782B394861009869D5 /* CopyFiles */,
			);
			buildRules = (
			);
			dependencies = (
			);
			name = Unit2;
			productName = Unit2;
			productReference = 886D1E7A2B394861009869D5 /* Unit2 */;
			productType = "com.apple.product-type.tool";
		};
		886D1E852B394A95009869D5 /* Unit3 */ = {
			isa = PBXNativeTarget;
			buildConfigurationList = 886D1E8A2B394A95009869D5 /* Build configuration list for PBXNativeTarget "Unit3" */;
			buildPhases = (
				886D1E822B394A95009869D5 /* Sources */,
				886D1E832B394A95009869D5 /* Frameworks */,
				886D1E842B394A95009869D5 /* CopyFiles */,
			);
			buildRules = (
			);
			dependencies = (
			);
			name = Unit3;
			productName = Unit3;
			productReference = 886D1E862B394A95009869D5 /* Unit3 */;
			productType = "com.apple.product-type.tool";
		};
		886D1E902B394A9D009869D5 /* Unit4 */ = {
			isa = PBXNativeTarget;
			buildConfigurationList = 886D1E952B394A9D009869D5 /* Build configuration list for PBXNativeTarget "Unit4" */;
			buildPhases = (
				886D1E8D2B394A9D009869D5 /* Sources */,
				886D1E8E2B394A9D009869D5 /* Frameworks */,
				886D1E8F2B394A9D009869D5 /* CopyFiles */,
			);
			buildRules = (
			);
			dependencies = (
			);
			name = Unit4;
			productName = Unit4;
			productReference = 886D1E912B394A9D009869D5 /* Unit4 */;
			productType = "com.apple.product-type.tool";
		};
		886D1E9F2B394BE4009869D5 /* Unit5 */ = {
			isa = PBXNativeTarget;
			buildConfigurationList = 886D1EA42B394BE4009869D5 /* Build configuration list for PBXNativeTarget "Unit5" */;
			buildPhases = (
				886D1E9C2B394BE4009869D5 /* Sources */,
				886D1E9D2B394BE4009869D5 /* Frameworks */,
				886D1E9E2B394BE4009869D5 /* CopyFiles */,
			);
			buildRules = (
			);
			dependencies = (
			);
			name = Unit5;
			productName = Unit5;
			productReference = 886D1EA02B394BE4009869D5 /* Unit5 */;
			productType = "com.apple.product-type.tool";
		};
		886D1EAA2B394BEA009869D5 /* Unit6 */ = {
			isa = PBXNativeTarget;
			buildConfigurationList = 886D1EAF2B394BEA009869D5 /* Build configuration list for PBXNativeTarget "Unit6" */;
			buildPhases = (
				886D1EA72B394BEA009869D5 /* Sources */,
				886D1EA82B394BEA009869D5 /* Frameworks */,
				886D1EA92B394BEA009869D5 /* CopyFiles */,
			);
			buildRules = (
			);
			dependencies = (
			);
			name = Unit6;
			productName = Unit6;
			productReference = 886D1EAB2B394BEA009869D5 /* Unit6 */;
			productType = "com.apple.product-type.tool";
		};
		886D1EB52B394BEF009869D5 /* Unit7 */ = {
			isa = PBXNativeTarget;
			buildConfigurationList = 886D1EBA2B394BEF009869D5 /* Build configuration list for PBXNativeTarget "Unit7" */;
			buildPhases = (
				886D1EB22B394BEF009869D5 /* Sources */,
				886D1EB32B394BEF009869D5 /* Frameworks */,
				886D1EB42B394BEF009869D5 /* CopyFiles */,
			);
			buildRules = (
			);
			dependencies = (
			);
			name = Unit7;
			productName = Unit7;
			productReference = 886D1EB62B394BEF009869D5 /* Unit7 */;
			productType = "com.apple.product-type.tool";
		};
		886D1EC12B395054009869D5 /* Unit8 */ = {
			isa = PBXNativeTarget;
			buildConfigurationList = 886D1EC62B395054009869D5 /* Build configuration list for PBXNativeTarget "Unit8" */;
			buildPhases = (
				886D1EBE2B395054009869D5 /* Sources */,
				886D1EBF2B395054009869D5 /* Frameworks */,
				886D1EC02B395054009869D5 /* CopyFiles */,
			);
			buildRules = (
			);
			dependencies = (
			);
			name = Unit8;
			productName = Unit8;
			productReference = 886D1EC22B395054009869D5 /* Unit8 */;
			productType = "com.apple.product-type.tool";
		};
		886D1ECC2B39505A009869D5 /* Unit9 */ = {
			isa = PBXNativeTarget;
			buildConfigurationList = 886D1ED12B39505A009869D5 /* Build configuration list for PBXNativeTarget "Unit9" */;
			buildPhases = (
				886D1EC92B39505A009869D5 /* Sources */,
				886D1ECA2B39505A009869D5 /* Frameworks */,
				886D1ECB2B39505A009869D5 /* CopyFiles */,
			);
			buildRules = (
			);
			dependencies = (
			);
			name = Unit9;
			productName = Unit9;
			productReference = 886D1ECD2B39505A009869D5 /* Unit9 */;
			productType = "com.apple.product-type.tool";
		};
		886D1ED72B39505F009869D5 /* Unit10 */ = {
			isa = PBXNativeTarget;
			buildConfigurationList = 886D1EDC2B39505F009869D5 /* Build configuration list for PBXNativeTarget "Unit10" */;
			buildPhases = (
				886D1ED42B39505F009869D5 /* Sources */,
				886D1ED52B39505F009869D5 /* Frameworks */,
				886D1ED62B39505F009869D5 /* CopyFiles */,
			);
			buildRules = (
			);
			dependencies = (
			);
			name = Unit10;
			productName = Unit10;
			productReference = 886D1ED82B39505F009869D5 /* Unit10 */;
			productType = "com.apple.product-type.tool";
		};
		886D1EE22B395064009869D5 /* Unit11 */ = {
			isa = PBXNativeTarget;
			buildConfigurationList = 886D1EE72B395064009869D5 /* Build configuration list for PBXNativeTarget "Unit11" */;
			buildPhases = (
				886D1EDF2B395064009869D5 /* Sources */,
				886D1EE02B395064009869D5 /* Frameworks */,
				886D1EE12B395064009869D5 /* CopyFiles */,
			);
			buildRules = (
			);
			dependencies = (
			);
			name = Unit11;
			productName = Unit11;
			productReference = 886D1EE32B395064009869D5 /* Unit11 */;
			productType = "com.apple.product-type.tool";
		};
/* End PBXNativeTarget section */

/* Begin PBXProject section */
		886D1E592B39429A009869D5 /* Project object */ = {
			isa = PBXProject;
			attributes = {
				BuildIndependentTargetsInParallel = 1;
				LastUpgradeCheck = 1510;
				TargetAttributes = {
					886D1E602B39429B009869D5 = {
						CreatedOnToolsVersion = 15.1;
					};
					886D1E792B394861009869D5 = {
						CreatedOnToolsVersion = 15.1;
					};
					886D1E852B394A95009869D5 = {
						CreatedOnToolsVersion = 15.1;
					};
					886D1E902B394A9D009869D5 = {
						CreatedOnToolsVersion = 15.1;
					};
					886D1E9F2B394BE4009869D5 = {
						CreatedOnToolsVersion = 15.1;
					};
					886D1EAA2B394BEA009869D5 = {
						CreatedOnToolsVersion = 15.1;
					};
					886D1EB52B394BEF009869D5 = {
						CreatedOnToolsVersion = 15.1;
					};
					886D1EC12B395054009869D5 = {
						CreatedOnToolsVersion = 15.1;
					};
					886D1ECC2B39505A009869D5 = {
						CreatedOnToolsVersion = 15.1;
					};
					886D1ED72B39505F009869D5 = {
						CreatedOnToolsVersion = 15.1;
					};
					886D1EE22B395064009869D5 = {
						CreatedOnToolsVersion = 15.1;
					};
				};
			};
			buildConfigurationList = 886D1E5C2B39429A009869D5 /* Build configuration list for PBXProject "LearningCpp" */;
			compatibilityVersion = "Xcode 14.0";
			developmentRegion = en;
			hasScannedForEncodings = 0;
			knownRegions = (
				en,
				Base,
			);
			mainGroup = 886D1E582B39429A009869D5;
			productRefGroup = 886D1E622B39429B009869D5 /* Products */;
			projectDirPath = "";
			projectRoot = "";
			targets = (
				886D1E602B39429B009869D5 /* Unit1 */,
				886D1E792B394861009869D5 /* Unit2 */,
				886D1E852B394A95009869D5 /* Unit3 */,
				886D1E902B394A9D009869D5 /* Unit4 */,
				886D1E9F2B394BE4009869D5 /* Unit5 */,
				886D1EAA2B394BEA009869D5 /* Unit6 */,
				886D1EB52B394BEF009869D5 /* Unit7 */,
				886D1EC12B395054009869D5 /* Unit8 */,
				886D1ECC2B39505A009869D5 /* Unit9 */,
				886D1ED72B39505F009869D5 /* Unit10 */,
				886D1EE22B395064009869D5 /* Unit11 */,
			);
		};
/* End PBXProject section */

/* Begin PBXSourcesBuildPhase section */
		886D1E5D2B39429B009869D5 /* Sources */ = {
			isa = PBXSourcesBuildPhase;
			buildActionMask = 2147483647;
			files = (
				886D1E9B2B394BC4009869D5 /* main.cpp in Sources */,
			);
			runOnlyForDeploymentPostprocessing = 0;
		};
		886D1E762B394861009869D5 /* Sources */ = {
			isa = PBXSourcesBuildPhase;
			buildActionMask = 2147483647;
			files = (
				886D1E7D2B394861009869D5 /* main.cpp in Sources */,
			);
			runOnlyForDeploymentPostprocessing = 0;
		};
		886D1E822B394A95009869D5 /* Sources */ = {
			isa = PBXSourcesBuildPhase;
			buildActionMask = 2147483647;
			files = (
				886D1E992B394BB5009869D5 /* main.cpp in Sources */,
			);
			runOnlyForDeploymentPostprocessing = 0;
		};
		886D1E8D2B394A9D009869D5 /* Sources */ = {
			isa = PBXSourcesBuildPhase;
			buildActionMask = 2147483647;
			files = (
				886D1E9A2B394BBB009869D5 /* main.cpp in Sources */,
			);
			runOnlyForDeploymentPostprocessing = 0;
		};
		886D1E9C2B394BE4009869D5 /* Sources */ = {
			isa = PBXSourcesBuildPhase;
			buildActionMask = 2147483647;
			files = (
				886D1EBD2B394BF4009869D5 /* main.cpp in Sources */,
			);
			runOnlyForDeploymentPostprocessing = 0;
		};
		886D1EA72B394BEA009869D5 /* Sources */ = {
			isa = PBXSourcesBuildPhase;
			buildActionMask = 2147483647;
			files = (
				886D1EAE2B394BEA009869D5 /* main.cpp in Sources */,
			);
			runOnlyForDeploymentPostprocessing = 0;
		};
		886D1EB22B394BEF009869D5 /* Sources */ = {
			isa = PBXSourcesBuildPhase;
			buildActionMask = 2147483647;
			files = (
				886D1EB92B394BEF009869D5 /* main.cpp in Sources */,
			);
			runOnlyForDeploymentPostprocessing = 0;
		};
		886D1EBE2B395054009869D5 /* Sources */ = {
			isa = PBXSourcesBuildPhase;
			buildActionMask = 2147483647;
			files = (
				886D1EC52B395054009869D5 /* main.cpp in Sources */,
			);
			runOnlyForDeploymentPostprocessing = 0;
		};
		886D1EC92B39505A009869D5 /* Sources */ = {
			isa = PBXSourcesBuildPhase;
			buildActionMask = 2147483647;
			files = (
				886D1ED02B39505A009869D5 /* main.cpp in Sources */,
			);
			runOnlyForDeploymentPostprocessing = 0;
		};
		886D1ED42B39505F009869D5 /* Sources */ = {
			isa = PBXSourcesBuildPhase;
			buildActionMask = 2147483647;
			files = (
				886D1EDB2B39505F009869D5 /* main.cpp in Sources */,
			);
			runOnlyForDeploymentPostprocessing = 0;
		};
		886D1EDF2B395064009869D5 /* Sources */ = {
			isa = PBXSourcesBuildPhase;
			buildActionMask = 2147483647;
			files = (
				886D1EE62B395064009869D5 /* main.cpp in Sources */,
			);
			runOnlyForDeploymentPostprocessing = 0;
		};
/* End PBXSourcesBuildPhase section */

/* Begin XCBuildConfiguration section */
		886D1E662B39429B009869D5 /* Debug */ = {
			isa = XCBuildConfiguration;
			buildSettings = {
				ALWAYS_SEARCH_USER_PATHS = NO;
				ASSETCATALOG_COMPILER_GENERATE_SWIFT_ASSET_SYMBOL_EXTENSIONS = YES;
				CLANG_ANALYZER_NONNULL = YES;
				CLANG_ANALYZER_NUMBER_OBJECT_CONVERSION = YES_AGGRESSIVE;
				CLANG_CXX_LANGUAGE_STANDARD = "gnu++20";
				CLANG_ENABLE_MODULES = YES;
				CLANG_ENABLE_OBJC_ARC = YES;
				CLANG_ENABLE_OBJC_WEAK = YES;
				CLANG_WARN_BLOCK_CAPTURE_AUTORELEASING = YES;
				CLANG_WARN_BOOL_CONVERSION = YES;
				CLANG_WARN_COMMA = YES;
				CLANG_WARN_CONSTANT_CONVERSION = YES;
				CLANG_WARN_DEPRECATED_OBJC_IMPLEMENTATIONS = YES;
				CLANG_WARN_DIRECT_OBJC_ISA_USAGE = YES_ERROR;
				CLANG_WARN_DOCUMENTATION_COMMENTS = YES;
				CLANG_WARN_EMPTY_BODY = YES;
				CLANG_WARN_ENUM_CONVERSION = YES;
				CLANG_WARN_INFINITE_RECURSION = YES;
				CLANG_WARN_INT_CONVERSION = YES;
				CLANG_WARN_NON_LITERAL_NULL_CONVERSION = YES;
				CLANG_WARN_OBJC_IMPLICIT_RETAIN_SELF = YES;
				CLANG_WARN_OBJC_LITERAL_CONVERSION = YES;
				CLANG_WARN_OBJC_ROOT_CLASS = YES_ERROR;
				CLANG_WARN_QUOTED_INCLUDE_IN_FRAMEWORK_HEADER = YES;
				CLANG_WARN_RANGE_LOOP_ANALYSIS = YES;
				CLANG_WARN_STRICT_PROTOTYPES = YES;
				CLANG_WARN_SUSPICIOUS_MOVE = YES;
				CLANG_WARN_UNGUARDED_AVAILABILITY = YES_AGGRESSIVE;
				CLANG_WARN_UNREACHABLE_CODE = YES;
				CLANG_WARN__DUPLICATE_METHOD_MATCH = YES;
				COPY_PHASE_STRIP = NO;
				DEBUG_INFORMATION_FORMAT = dwarf;
				ENABLE_STRICT_OBJC_MSGSEND = YES;
				ENABLE_TESTABILITY = YES;
				ENABLE_USER_SCRIPT_SANDBOXING = YES;
				GCC_C_LANGUAGE_STANDARD = gnu17;
				GCC_DYNAMIC_NO_PIC = NO;
				GCC_NO_COMMON_BLOCKS = YES;
				GCC_OPTIMIZATION_LEVEL = 0;
				GCC_PREPROCESSOR_DEFINITIONS = (
					"DEBUG=1",
					"$(inherited)",
				);
				GCC_WARN_64_TO_32_BIT_CONVERSION = YES;
				GCC_WARN_ABOUT_RETURN_TYPE = YES_ERROR;
				GCC_WARN_UNDECLARED_SELECTOR = YES;
				GCC_WARN_UNINITIALIZED_AUTOS = YES_AGGRESSIVE;
				GCC_WARN_UNUSED_FUNCTION = YES;
				GCC_WARN_UNUSED_VARIABLE = YES;
				LOCALIZATION_PREFERS_STRING_CATALOGS = YES;
				MACOSX_DEPLOYMENT_TARGET = 14.2;
				MTL_ENABLE_DEBUG_INFO = INCLUDE_SOURCE;
				MTL_FAST_MATH = YES;
				ONLY_ACTIVE_ARCH = YES;
				SDKROOT = macosx;
			};
			name = Debug;
		};
		886D1E672B39429B009869D5 /* Release */ = {
			isa = XCBuildConfiguration;
			buildSettings = {
				ALWAYS_SEARCH_USER_PATHS = NO;
				ASSETCATALOG_COMPILER_GENERATE_SWIFT_ASSET_SYMBOL_EXTENSIONS = YES;
				CLANG_ANALYZER_NONNULL = YES;
				CLANG_ANALYZER_NUMBER_OBJECT_CONVERSION = YES_AGGRESSIVE;
				CLANG_CXX_LANGUAGE_STANDARD = "gnu++20";
				CLANG_ENABLE_MODULES = YES;
				CLANG_ENABLE_OBJC_ARC = YES;
				CLANG_ENABLE_OBJC_WEAK = YES;
				CLANG_WARN_BLOCK_CAPTURE_AUTORELEASING = YES;
				CLANG_WARN_BOOL_CONVERSION = YES;
				CLANG_WARN_COMMA = YES;
				CLANG_WARN_CONSTANT_CONVERSION = YES;
				CLANG_WARN_DEPRECATED_OBJC_IMPLEMENTATIONS = YES;
				CLANG_WARN_DIRECT_OBJC_ISA_USAGE = YES_ERROR;
				CLANG_WARN_DOCUMENTATION_COMMENTS = YES;
				CLANG_WARN_EMPTY_BODY = YES;
				CLANG_WARN_ENUM_CONVERSION = YES;
				CLANG_WARN_INFINITE_RECURSION = YES;
				CLANG_WARN_INT_CONVERSION = YES;
				CLANG_WARN_NON_LITERAL_NULL_CONVERSION = YES;
				CLANG_WARN_OBJC_IMPLICIT_RETAIN_SELF = YES;
				CLANG_WARN_OBJC_LITERAL_CONVERSION = YES;
				CLANG_WARN_OBJC_ROOT_CLASS = YES_ERROR;
				CLANG_WARN_QUOTED_INCLUDE_IN_FRAMEWORK_HEADER = YES;
				CLANG_WARN_RANGE_LOOP_ANALYSIS = YES;
				CLANG_WARN_STRICT_PROTOTYPES = YES;
				CLANG_WARN_SUSPICIOUS_MOVE = YES;
				CLANG_WARN_UNGUARDED_AVAILABILITY = YES_AGGRESSIVE;
				CLANG_WARN_UNREACHABLE_CODE = YES;
				CLANG_WARN__DUPLICATE_METHOD_MATCH = YES;
				COPY_PHASE_STRIP = NO;
				DEBUG_INFORMATION_FORMAT = "dwarf-with-dsym";
				ENABLE_NS_ASSERTIONS = NO;
				ENABLE_STRICT_OBJC_MSGSEND = YES;
				ENABLE_USER_SCRIPT_SANDBOXING = YES;
				GCC_C_LANGUAGE_STANDARD = gnu17;
				GCC_NO_COMMON_BLOCKS = YES;
				GCC_WARN_64_TO_32_BIT_CONVERSION = YES;
				GCC_WARN_ABOUT_RETURN_TYPE = YES_ERROR;
				GCC_WARN_UNDECLARED_SELECTOR = YES;
				GCC_WARN_UNINITIALIZED_AUTOS = YES_AGGRESSIVE;
				GCC_WARN_UNUSED_FUNCTION = YES;
				GCC_WARN_UNUSED_VARIABLE = YES;
				LOCALIZATION_PREFERS_STRING_CATALOGS = YES;
				MACOSX_DEPLOYMENT_TARGET = 14.2;
				MTL_ENABLE_DEBUG_INFO = NO;
				MTL_FAST_MATH = YES;
				SDKROOT = macosx;
			};
			name = Release;
		};
		886D1E692B39429B009869D5 /* Debug */ = {
			isa = XCBuildConfiguration;
			buildSettings = {
				CODE_SIGN_STYLE = Automatic;
				DEVELOPMENT_TEAM = PS2475WLUX;
				ENABLE_HARDENED_RUNTIME = YES;
				PRODUCT_NAME = "$(TARGET_NAME)";
			};
			name = Debug;
		};
		886D1E6A2B39429B009869D5 /* Release */ = {
			isa = XCBuildConfiguration;
			buildSettings = {
				CODE_SIGN_STYLE = Automatic;
				DEVELOPMENT_TEAM = PS2475WLUX;
				ENABLE_HARDENED_RUNTIME = YES;
				PRODUCT_NAME = "$(TARGET_NAME)";
			};
			name = Release;
		};
		886D1E7F2B394861009869D5 /* Debug */ = {
			isa = XCBuildConfiguration;
			buildSettings = {
				CODE_SIGN_STYLE = Automatic;
				DEVELOPMENT_TEAM = PS2475WLUX;
				ENABLE_HARDENED_RUNTIME = YES;
				PRODUCT_NAME = "$(TARGET_NAME)";
			};
			name = Debug;
		};
		886D1E802B394861009869D5 /* Release */ = {
			isa = XCBuildConfiguration;
			buildSettings = {
				CODE_SIGN_STYLE = Automatic;
				DEVELOPMENT_TEAM = PS2475WLUX;
				ENABLE_HARDENED_RUNTIME = YES;
				PRODUCT_NAME = "$(TARGET_NAME)";
			};
			name = Release;
		};
		886D1E8B2B394A95009869D5 /* Debug */ = {
			isa = XCBuildConfiguration;
			buildSettings = {
				CODE_SIGN_STYLE = Automatic;
				DEVELOPMENT_TEAM = PS2475WLUX;
				ENABLE_HARDENED_RUNTIME = YES;
				PRODUCT_NAME = "$(TARGET_NAME)";
			};
			name = Debug;
		};
		886D1E8C2B394A95009869D5 /* Release */ = {
			isa = XCBuildConfiguration;
			buildSettings = {
				CODE_SIGN_STYLE = Automatic;
				DEVELOPMENT_TEAM = PS2475WLUX;
				ENABLE_HARDENED_RUNTIME = YES;
				PRODUCT_NAME = "$(TARGET_NAME)";
			};
			name = Release;
		};
		886D1E962B394A9D009869D5 /* Debug */ = {
			isa = XCBuildConfiguration;
			buildSettings = {
				CODE_SIGN_STYLE = Automatic;
				DEVELOPMENT_TEAM = PS2475WLUX;
				ENABLE_HARDENED_RUNTIME = YES;
				PRODUCT_NAME = "$(TARGET_NAME)";
			};
			name = Debug;
		};
		886D1E972B394A9D009869D5 /* Release */ = {
			isa = XCBuildConfiguration;
			buildSettings = {
				CODE_SIGN_STYLE = Automatic;
				DEVELOPMENT_TEAM = PS2475WLUX;
				ENABLE_HARDENED_RUNTIME = YES;
				PRODUCT_NAME = "$(TARGET_NAME)";
			};
			name = Release;
		};
		886D1EA52B394BE4009869D5 /* Debug */ = {
			isa = XCBuildConfiguration;
			buildSettings = {
				CODE_SIGN_STYLE = Automatic;
				DEVELOPMENT_TEAM = PS2475WLUX;
				ENABLE_HARDENED_RUNTIME = YES;
				PRODUCT_NAME = "$(TARGET_NAME)";
			};
			name = Debug;
		};
		886D1EA62B394BE4009869D5 /* Release */ = {
			isa = XCBuildConfiguration;
			buildSettings = {
				CODE_SIGN_STYLE = Automatic;
				DEVELOPMENT_TEAM = PS2475WLUX;
				ENABLE_HARDENED_RUNTIME = YES;
				PRODUCT_NAME = "$(TARGET_NAME)";
			};
			name = Release;
		};
		886D1EB02B394BEA009869D5 /* Debug */ = {
			isa = XCBuildConfiguration;
			buildSettings = {
				CODE_SIGN_STYLE = Automatic;
				DEVELOPMENT_TEAM = PS2475WLUX;
				ENABLE_HARDENED_RUNTIME = YES;
				PRODUCT_NAME = "$(TARGET_NAME)";
			};
			name = Debug;
		};
		886D1EB12B394BEA009869D5 /* Release */ = {
			isa = XCBuildConfiguration;
			buildSettings = {
				CODE_SIGN_STYLE = Automatic;
				DEVELOPMENT_TEAM = PS2475WLUX;
				ENABLE_HARDENED_RUNTIME = YES;
				PRODUCT_NAME = "$(TARGET_NAME)";
			};
			name = Release;
		};
		886D1EBB2B394BEF009869D5 /* Debug */ = {
			isa = XCBuildConfiguration;
			buildSettings = {
				CODE_SIGN_STYLE = Automatic;
				DEVELOPMENT_TEAM = PS2475WLUX;
				ENABLE_HARDENED_RUNTIME = YES;
				PRODUCT_NAME = "$(TARGET_NAME)";
			};
			name = Debug;
		};
		886D1EBC2B394BEF009869D5 /* Release */ = {
			isa = XCBuildConfiguration;
			buildSettings = {
				CODE_SIGN_STYLE = Automatic;
				DEVELOPMENT_TEAM = PS2475WLUX;
				ENABLE_HARDENED_RUNTIME = YES;
				PRODUCT_NAME = "$(TARGET_NAME)";
			};
			name = Release;
		};
		886D1EC72B395054009869D5 /* Debug */ = {
			isa = XCBuildConfiguration;
			buildSettings = {
				CODE_SIGN_STYLE = Automatic;
				DEVELOPMENT_TEAM = PS2475WLUX;
				ENABLE_HARDENED_RUNTIME = YES;
				PRODUCT_NAME = "$(TARGET_NAME)";
			};
			name = Debug;
		};
		886D1EC82B395054009869D5 /* Release */ = {
			isa = XCBuildConfiguration;
			buildSettings = {
				CODE_SIGN_STYLE = Automatic;
				DEVELOPMENT_TEAM = PS2475WLUX;
				ENABLE_HARDENED_RUNTIME = YES;
				PRODUCT_NAME = "$(TARGET_NAME)";
			};
			name = Release;
		};
		886D1ED22B39505A009869D5 /* Debug */ = {
			isa = XCBuildConfiguration;
			buildSettings = {
				CODE_SIGN_STYLE = Automatic;
				DEVELOPMENT_TEAM = PS2475WLUX;
				ENABLE_HARDENED_RUNTIME = YES;
				PRODUCT_NAME = "$(TARGET_NAME)";
			};
			name = Debug;
		};
		886D1ED32B39505A009869D5 /* Release */ = {
			isa = XCBuildConfiguration;
			buildSettings = {
				CODE_SIGN_STYLE = Automatic;
				DEVELOPMENT_TEAM = PS2475WLUX;
				ENABLE_HARDENED_RUNTIME = YES;
				PRODUCT_NAME = "$(TARGET_NAME)";
			};
			name = Release;
		};
		886D1EDD2B39505F009869D5 /* Debug */ = {
			isa = XCBuildConfiguration;
			buildSettings = {
				CODE_SIGN_STYLE = Automatic;
				DEVELOPMENT_TEAM = PS2475WLUX;
				ENABLE_HARDENED_RUNTIME = YES;
				PRODUCT_NAME = "$(TARGET_NAME)";
			};
			name = Debug;
		};
		886D1EDE2B39505F009869D5 /* Release */ = {
			isa = XCBuildConfiguration;
			buildSettings = {
				CODE_SIGN_STYLE = Automatic;
				DEVELOPMENT_TEAM = PS2475WLUX;
				ENABLE_HARDENED_RUNTIME = YES;
				PRODUCT_NAME = "$(TARGET_NAME)";
			};
			name = Release;
		};
		886D1EE82B395064009869D5 /* Debug */ = {
			isa = XCBuildConfiguration;
			buildSettings = {
				CODE_SIGN_STYLE = Automatic;
				DEVELOPMENT_TEAM = PS2475WLUX;
				ENABLE_HARDENED_RUNTIME = YES;
				PRODUCT_NAME = "$(TARGET_NAME)";
			};
			name = Debug;
		};
		886D1EE92B395064009869D5 /* Release */ = {
			isa = XCBuildConfiguration;
			buildSettings = {
				CODE_SIGN_STYLE = Automatic;
				DEVELOPMENT_TEAM = PS2475WLUX;
				ENABLE_HARDENED_RUNTIME = YES;
				PRODUCT_NAME = "$(TARGET_NAME)";
			};
			name = Release;
		};
/* End XCBuildConfiguration section */

/* Begin XCConfigurationList section */
		886D1E5C2B39429A009869D5 /* Build configuration list for PBXProject "LearningCpp" */ = {
			isa = XCConfigurationList;
			buildConfigurations = (
				886D1E662B39429B009869D5 /* Debug */,
				886D1E672B39429B009869D5 /* Release */,
			);
			defaultConfigurationIsVisible = 0;
			defaultConfigurationName = Release;
		};
		886D1E682B39429B009869D5 /* Build configuration list for PBXNativeTarget "Unit1" */ = {
			isa = XCConfigurationList;
			buildConfigurations = (
				886D1E692B39429B009869D5 /* Debug */,
				886D1E6A2B39429B009869D5 /* Release */,
			);
			defaultConfigurationIsVisible = 0;
			defaultConfigurationName = Release;
		};
		886D1E7E2B394861009869D5 /* Build configuration list for PBXNativeTarget "Unit2" */ = {
			isa = XCConfigurationList;
			buildConfigurations = (
				886D1E7F2B394861009869D5 /* Debug */,
				886D1E802B394861009869D5 /* Release */,
			);
			defaultConfigurationIsVisible = 0;
			defaultConfigurationName = Release;
		};
		886D1E8A2B394A95009869D5 /* Build configuration list for PBXNativeTarget "Unit3" */ = {
			isa = XCConfigurationList;
			buildConfigurations = (
				886D1E8B2B394A95009869D5 /* Debug */,
				886D1E8C2B394A95009869D5 /* Release */,
			);
			defaultConfigurationIsVisible = 0;
			defaultConfigurationName = Release;
		};
		886D1E952B394A9D009869D5 /* Build configuration list for PBXNativeTarget "Unit4" */ = {
			isa = XCConfigurationList;
			buildConfigurations = (
				886D1E962B394A9D009869D5 /* Debug */,
				886D1E972B394A9D009869D5 /* Release */,
			);
			defaultConfigurationIsVisible = 0;
			defaultConfigurationName = Release;
		};
		886D1EA42B394BE4009869D5 /* Build configuration list for PBXNativeTarget "Unit5" */ = {
			isa = XCConfigurationList;
			buildConfigurations = (
				886D1EA52B394BE4009869D5 /* Debug */,
				886D1EA62B394BE4009869D5 /* Release */,
			);
			defaultConfigurationIsVisible = 0;
			defaultConfigurationName = Release;
		};
		886D1EAF2B394BEA009869D5 /* Build configuration list for PBXNativeTarget "Unit6" */ = {
			isa = XCConfigurationList;
			buildConfigurations = (
				886D1EB02B394BEA009869D5 /* Debug */,
				886D1EB12B394BEA009869D5 /* Release */,
			);
			defaultConfigurationIsVisible = 0;
			defaultConfigurationName = Release;
		};
		886D1EBA2B394BEF009869D5 /* Build configuration list for PBXNativeTarget "Unit7" */ = {
			isa = XCConfigurationList;
			buildConfigurations = (
				886D1EBB2B394BEF009869D5 /* Debug */,
				886D1EBC2B394BEF009869D5 /* Release */,
			);
			defaultConfigurationIsVisible = 0;
			defaultConfigurationName = Release;
		};
		886D1EC62B395054009869D5 /* Build configuration list for PBXNativeTarget "Unit8" */ = {
			isa = XCConfigurationList;
			buildConfigurations = (
				886D1EC72B395054009869D5 /* Debug */,
				886D1EC82B395054009869D5 /* Release */,
			);
			defaultConfigurationIsVisible = 0;
			defaultConfigurationName = Release;
		};
		886D1ED12B39505A009869D5 /* Build configuration list for PBXNativeTarget "Unit9" */ = {
			isa = XCConfigurationList;
			buildConfigurations = (
				886D1ED22B39505A009869D5 /* Debug */,
				886D1ED32B39505A009869D5 /* Release */,
			);
			defaultConfigurationIsVisible = 0;
			defaultConfigurationName = Release;
		};
		886D1EDC2B39505F009869D5 /* Build configuration list for PBXNativeTarget "Unit10" */ = {
			isa = XCConfigurationList;
			buildConfigurations = (
				886D1EDD2B39505F009869D5 /* Debug */,
				886D1EDE2B39505F009869D5 /* Release */,
			);
			defaultConfigurationIsVisible = 0;
			defaultConfigurationName = Release;
		};
		886D1EE72B395064009869D5 /* Build configuration list for PBXNativeTarget "Unit11" */ = {
			isa = XCConfigurationList;
			buildConfigurations = (
				886D1EE82B395064009869D5 /* Debug */,
				886D1EE92B395064009869D5 /* Release */,
			);
			defaultConfigurationIsVisible = 0;
			defaultConfigurationName = Release;
		};
/* End XCConfigurationList section */
	};
	rootObject = 886D1E592B39429A009869D5 /* Project object */;
}
